// !$*UTF8*$!
{
	archiveVersion = 1;
	classes = {
	};
	objectVersion = 50;
	objects = {

/* Begin PBXBuildFile section */
		07B154DC24FE9993000E30F2 /* AppDelegate.swift in Sources */ = {isa = PBXBuildFile; fileRef = 07B154DB24FE9993000E30F2 /* AppDelegate.swift */; };
		07B154DE24FE9993000E30F2 /* SceneDelegate.swift in Sources */ = {isa = PBXBuildFile; fileRef = 07B154DD24FE9993000E30F2 /* SceneDelegate.swift */; };
		07B154E024FE9993000E30F2 /* ViewController.swift in Sources */ = {isa = PBXBuildFile; fileRef = 07B154DF24FE9993000E30F2 /* ViewController.swift */; };
		07B154E324FE9993000E30F2 /* Main.storyboard in Resources */ = {isa = PBXBuildFile; fileRef = 07B154E124FE9993000E30F2 /* Main.storyboard */; };
		07B154E524FE9993000E30F2 /* Assets.xcassets in Resources */ = {isa = PBXBuildFile; fileRef = 07B154E424FE9993000E30F2 /* Assets.xcassets */; };
		07B154E824FE9993000E30F2 /* LaunchScreen.storyboard in Resources */ = {isa = PBXBuildFile; fileRef = 07B154E624FE9993000E30F2 /* LaunchScreen.storyboard */; };
		07B154F724FE9A08000E30F2 /* A.wav in Resources */ = {isa = PBXBuildFile; fileRef = 07B154F024FE9A08000E30F2 /* A.wav */; };
		07B154F824FE9A08000E30F2 /* C.wav in Resources */ = {isa = PBXBuildFile; fileRef = 07B154F124FE9A08000E30F2 /* C.wav */; };
		07B154F924FE9A08000E30F2 /* B.wav in Resources */ = {isa = PBXBuildFile; fileRef = 07B154F224FE9A08000E30F2 /* B.wav */; };
		07B154FA24FE9A08000E30F2 /* F.wav in Resources */ = {isa = PBXBuildFile; fileRef = 07B154F324FE9A08000E30F2 /* F.wav */; };
		07B154FB24FE9A08000E30F2 /* G.wav in Resources */ = {isa = PBXBuildFile; fileRef = 07B154F424FE9A08000E30F2 /* G.wav */; };
		07B154FC24FE9A08000E30F2 /* E.wav in Resources */ = {isa = PBXBuildFile; fileRef = 07B154F524FE9A08000E30F2 /* E.wav */; };
		07B154FD24FE9A08000E30F2 /* D.wav in Resources */ = {isa = PBXBuildFile; fileRef = 07B154F624FE9A08000E30F2 /* D.wav */; };
/* End PBXBuildFile section */

/* Begin PBXFileReference section */
		07B154D824FE9993000E30F2 /* XyloPhone.app */ = {isa = PBXFileReference; explicitFileType = wrapper.application; includeInIndex = 0; path = XyloPhone.app; sourceTree = BUILT_PRODUCTS_DIR; };
		07B154DB24FE9993000E30F2 /* AppDelegate.swift */ = {isa = PBXFileReference; lastKnownFileType = sourcecode.swift; path = AppDelegate.swift; sourceTree = "<group>"; };
		07B154DD24FE9993000E30F2 /* SceneDelegate.swift */ = {isa = PBXFileReference; lastKnownFileType = sourcecode.swift; path = SceneDelegate.swift; sourceTree = "<group>"; };
		07B154DF24FE9993000E30F2 /* ViewController.swift */ = {isa = PBXFileReference; lastKnownFileType = sourcecode.swift; path = ViewController.swift; sourceTree = "<group>"; };
		07B154E224FE9993000E30F2 /* Base */ = {isa = PBXFileReference; lastKnownFileType = file.storyboard; name = Base; path = Base.lproj/Main.storyboard; sourceTree = "<group>"; };
		07B154E424FE9993000E30F2 /* Assets.xcassets */ = {isa = PBXFileReference; lastKnownFileType = folder.assetcatalog; path = Assets.xcassets; sourceTree = "<group>"; };
		07B154E724FE9993000E30F2 /* Base */ = {isa = PBXFileReference; lastKnownFileType = file.storyboard; name = Base; path = Base.lproj/LaunchScreen.storyboard; sourceTree = "<group>"; };
		07B154E924FE9993000E30F2 /* Info.plist */ = {isa = PBXFileReference; lastKnownFileType = text.plist.xml; path = Info.plist; sourceTree = "<group>"; };
		07B154F024FE9A08000E30F2 /* A.wav */ = {isa = PBXFileReference; lastKnownFileType = audio.wav; path = A.wav; sourceTree = "<group>"; };
		07B154F124FE9A08000E30F2 /* C.wav */ = {isa = PBXFileReference; lastKnownFileType = audio.wav; path = C.wav; sourceTree = "<group>"; };
		07B154F224FE9A08000E30F2 /* B.wav */ = {isa = PBXFileReference; lastKnownFileType = audio.wav; path = B.wav; sourceTree = "<group>"; };
		07B154F324FE9A08000E30F2 /* F.wav */ = {isa = PBXFileReference; lastKnownFileType = audio.wav; path = F.wav; sourceTree = "<group>"; };
		07B154F424FE9A08000E30F2 /* G.wav */ = {isa = PBXFileReference; lastKnownFileType = audio.wav; path = G.wav; sourceTree = "<group>"; };
		07B154F524FE9A08000E30F2 /* E.wav */ = {isa = PBXFileReference; lastKnownFileType = audio.wav; path = E.wav; sourceTree = "<group>"; };
		07B154F624FE9A08000E30F2 /* D.wav */ = {isa = PBXFileReference; lastKnownFileType = audio.wav; path = D.wav; sourceTree = "<group>"; };
/* End PBXFileReference section */

/* Begin PBXFrameworksBuildPhase section */
		07B154D524FE9993000E30F2 /* Frameworks */ = {
			isa = PBXFrameworksBuildPhase;
			buildActionMask = 2147483647;
			files = (
			);
			runOnlyForDeploymentPostprocessing = 0;
		};
/* End PBXFrameworksBuildPhase section */

/* Begin PBXGroup section */
		07B154CF24FE9993000E30F2 = {
			isa = PBXGroup;
			children = (
				07B154DA24FE9993000E30F2 /* XyloPhone */,
				07B154D924FE9993000E30F2 /* Products */,
			);
			sourceTree = "<group>";
		};
		07B154D924FE9993000E30F2 /* Products */ = {
			isa = PBXGroup;
			children = (
				07B154D824FE9993000E30F2 /* XyloPhone.app */,
			);
			name = Products;
			sourceTree = "<group>";
		};
		07B154DA24FE9993000E30F2 /* XyloPhone */ = {
			isa = PBXGroup;
			children = (
				07B154DB24FE9993000E30F2 /* AppDelegate.swift */,
				07B154DD24FE9993000E30F2 /* SceneDelegate.swift */,
				07B154DF24FE9993000E30F2 /* ViewController.swift */,
				07B154E124FE9993000E30F2 /* Main.storyboard */,
				07B154E424FE9993000E30F2 /* Assets.xcassets */,
				07B154E624FE9993000E30F2 /* LaunchScreen.storyboard */,
				07B154E924FE9993000E30F2 /* Info.plist */,
				07B154EF24FE9A08000E30F2 /* Sounds */,
			);
			path = XyloPhone;
			sourceTree = "<group>";
		};
		07B154EF24FE9A08000E30F2 /* Sounds */ = {
			isa = PBXGroup;
			children = (
				07B154F024FE9A08000E30F2 /* A.wav */,
				07B154F124FE9A08000E30F2 /* C.wav */,
				07B154F224FE9A08000E30F2 /* B.wav */,
				07B154F324FE9A08000E30F2 /* F.wav */,
				07B154F424FE9A08000E30F2 /* G.wav */,
				07B154F524FE9A08000E30F2 /* E.wav */,
				07B154F624FE9A08000E30F2 /* D.wav */,
			);
			path = Sounds;
			sourceTree = "<group>";
		};
/* End PBXGroup section */

/* Begin PBXNativeTarget section */
		07B154D724FE9993000E30F2 /* XyloPhone */ = {
			isa = PBXNativeTarget;
			buildConfigurationList = 07B154EC24FE9993000E30F2 /* Build configuration list for PBXNativeTarget "XyloPhone" */;
			buildPhases = (
				07B154D424FE9993000E30F2 /* Sources */,
				07B154D524FE9993000E30F2 /* Frameworks */,
				07B154D624FE9993000E30F2 /* Resources */,
			);
			buildRules = (
			);
			dependencies = (
			);
			name = XyloPhone;
			productName = XyloPhone;
			productReference = 07B154D824FE9993000E30F2 /* XyloPhone.app */;
			productType = "com.apple.product-type.application";
		};
/* End PBXNativeTarget section */

/* Begin PBXProject section */
		07B154D024FE9993000E30F2 /* Project object */ = {
			isa = PBXProject;
			attributes = {
				LastSwiftUpdateCheck = 1100;
				LastUpgradeCheck = 1100;
				ORGANIZATIONNAME = Abdullah;
				TargetAttributes = {
					07B154D724FE9993000E30F2 = {
						CreatedOnToolsVersion = 11.0;
					};
				};
			};
			buildConfigurationList = 07B154D324FE9993000E30F2 /* Build configuration list for PBXProject "XyloPhone" */;
			compatibilityVersion = "Xcode 9.3";
			developmentRegion = en;
			hasScannedForEncodings = 0;
			knownRegions = (
				en,
				Base,
			);
			mainGroup = 07B154CF24FE9993000E30F2;
			productRefGroup = 07B154D924FE9993000E30F2 /* Products */;
			projectDirPath = "";
			projectRoot = "";
			targets = (
				07B154D724FE9993000E30F2 /* XyloPhone */,
			);
		};
/* End PBXProject section */

/* Begin PBXResourcesBuildPhase section */
		07B154D624FE9993000E30F2 /* Resources */ = {
			isa = PBXResourcesBuildPhase;
			buildActionMask = 2147483647;
			files = (
				07B154FB24FE9A08000E30F2 /* G.wav in Resources */,
				07B154E824FE9993000E30F2 /* LaunchScreen.storyboard in Resources */,
				07B154FA24FE9A08000E30F2 /* F.wav in Resources */,
				07B154E524FE9993000E30F2 /* Assets.xcassets in Resources */,
				07B154F724FE9A08000E30F2 /* A.wav in Resources */,
				07B154F924FE9A08000E30F2 /* B.wav in Resources */,
				07B154FC24FE9A08000E30F2 /* E.wav in Resources */,
				07B154FD24FE9A08000E30F2 /* D.wav in Resources */,
				07B154E324FE9993000E30F2 /* Main.storyboard in Resources */,
				07B154F824FE9A08000E30F2 /* C.wav in Resources */,
			);
			runOnlyForDeploymentPostprocessing = 0;
		};
/* End PBXResourcesBuildPhase section */

/* Begin PBXSourcesBuildPhase section */
		07B154D424FE9993000E30F2 /* Sources */ = {
			isa = PBXSourcesBuildPhase;
			buildActionMask = 2147483647;
			files = (
				07B154E024FE9993000E30F2 /* ViewController.swift in Sources */,
				07B154DC24FE9993000E30F2 /* AppDelegate.swift in Sources */,
				07B154DE24FE9993000E30F2 /* SceneDelegate.swift in Sources */,
			);
			runOnlyForDeploymentPostprocessing = 0;
		};
/* End PBXSourcesBuildPhase section */

/* Begin PBXVariantGroup section */
		07B154E124FE9993000E30F2 /* Main.storyboard */ = {
			isa = PBXVariantGroup;
			children = (
				07B154E224FE9993000E30F2 /* Base */,
			);
			name = Main.storyboard;
			sourceTree = "<group>";
		};
		07B154E624FE9993000E30F2 /* LaunchScreen.storyboard */ = {
			isa = PBXVariantGroup;
			children = (
				07B154E724FE9993000E30F2 /* Base */,
			);
			name = LaunchScreen.storyboard;
			sourceTree = "<group>";
		};
/* End PBXVariantGroup section */

/* Begin XCBuildConfiguration section */
		07B154EA24FE9993000E30F2 /* Debug */ = {
			isa = XCBuildConfiguration;
			buildSettings = {
				ALWAYS_SEARCH_USER_PATHS = NO;
				CLANG_ANALYZER_NONNULL = YES;
				CLANG_ANALYZER_NUMBER_OBJECT_CONVERSION = YES_AGGRESSIVE;
				CLANG_CXX_LANGUAGE_STANDARD = "gnu++14";
				CLANG_CXX_LIBRARY = "libc++";
				CLANG_ENABLE_MODULES = YES;
				CLANG_ENABLE_OBJC_ARC = YES;
				CLANG_ENABLE_OBJC_WEAK = YES;
				CLANG_WARN_BLOCK_CAPTURE_AUTORELEASING = YES;
				CLANG_WARN_BOOL_CONVERSION = YES;
				CLANG_WARN_COMMA = YES;
				CLANG_WARN_CONSTANT_CONVERSION = YES;
				CLANG_WARN_DEPRECATED_OBJC_IMPLEMENTATIONS = YES;
				CLANG_WARN_DIRECT_OBJC_ISA_USAGE = YES_ERROR;
				CLANG_WARN_DOCUMENTATION_COMMENTS = YES;
				CLANG_WARN_EMPTY_BODY = YES;
				CLANG_WARN_ENUM_CONVERSION = YES;
				CLANG_WARN_INFINITE_RECURSION = YES;
				CLANG_WARN_INT_CONVERSION = YES;
				CLANG_WARN_NON_LITERAL_NULL_CONVERSION = YES;
				CLANG_WARN_OBJC_IMPLICIT_RETAIN_SELF = YES;
				CLANG_WARN_OBJC_LITERAL_CONVERSION = YES;
				CLANG_WARN_OBJC_ROOT_CLASS = YES_ERROR;
				CLANG_WARN_RANGE_LOOP_ANALYSIS = YES;
				CLANG_WARN_STRICT_PROTOTYPES = YES;
				CLANG_WARN_SUSPICIOUS_MOVE = YES;
				CLANG_WARN_UNGUARDED_AVAILABILITY = YES_AGGRESSIVE;
				CLANG_WARN_UNREACHABLE_CODE = YES;
				CLANG_WARN__DUPLICATE_METHOD_MATCH = YES;
				COPY_PHASE_STRIP = NO;
				DEBUG_INFORMATION_FORMAT = dwarf;
				ENABLE_STRICT_OBJC_MSGSEND = YES;
				ENABLE_TESTABILITY = YES;
				GCC_C_LANGUAGE_STANDARD = gnu11;
				GCC_DYNAMIC_NO_PIC = NO;
				GCC_NO_COMMON_BLOCKS = YES;
				GCC_OPTIMIZATION_LEVEL = 0;
				GCC_PREPROCESSOR_DEFINITIONS = (
					"DEBUG=1",
					"$(inherited)",
				);
				GCC_WARN_64_TO_32_BIT_CONVERSION = YES;
				GCC_WARN_ABOUT_RETURN_TYPE = YES_ERROR;
				GCC_WARN_UNDECLARED_SELECTOR = YES;
				GCC_WARN_UNINITIALIZED_AUTOS = YES_AGGRESSIVE;
				GCC_WARN_UNUSED_FUNCTION = YES;
				GCC_WARN_UNUSED_VARIABLE = YES;
				IPHONEOS_DEPLOYMENT_TARGET = 13.0;
				MTL_ENABLE_DEBUG_INFO = INCLUDE_SOURCE;
				MTL_FAST_MATH = YES;
				ONLY_ACTIVE_ARCH = YES;
				SDKROOT = iphoneos;
				SWIFT_ACTIVE_COMPILATION_CONDITIONS = DEBUG;
				SWIFT_OPTIMIZATION_LEVEL = "-Onone";
			};
			name = Debug;
		};
		07B154EB24FE9993000E30F2 /* Release */ = {
			isa = XCBuildConfiguration;
			buildSettings = {
				ALWAYS_SEARCH_USER_PATHS = NO;
				CLANG_ANALYZER_NONNULL = YES;
				CLANG_ANALYZER_NUMBER_OBJECT_CONVERSION = YES_AGGRESSIVE;
				CLANG_CXX_LANGUAGE_STANDARD = "gnu++14";
				CLANG_CXX_LIBRARY = "libc++";
				CLANG_ENABLE_MODULES = YES;
				CLANG_ENABLE_OBJC_ARC = YES;
				CLANG_ENABLE_OBJC_WEAK = YES;
				CLANG_WARN_BLOCK_CAPTURE_AUTORELEASING = YES;
				CLANG_WARN_BOOL_CONVERSION = YES;
				CLANG_WARN_COMMA = YES;
				CLANG_WARN_CONSTANT_CONVERSION = YES;
				CLANG_WARN_DEPRECATED_OBJC_IMPLEMENTATIONS = YES;
				CLANG_WARN_DIRECT_OBJC_ISA_USAGE = YES_ERROR;
				CLANG_WARN_DOCUMENTATION_COMMENTS = YES;
				CLANG_WARN_EMPTY_BODY = YES;
				CLANG_WARN_ENUM_CONVERSION = YES;
				CLANG_WARN_INFINITE_RECURSION = YES;
				CLANG_WARN_INT_CONVERSION = YES;
				CLANG_WARN_NON_LITERAL_NULL_CONVERSION = YES;
				CLANG_WARN_OBJC_IMPLICIT_RETAIN_SELF = YES;
				CLANG_WARN_OBJC_LITERAL_CONVERSION = YES;
				CLANG_WARN_OBJC_ROOT_CLASS = YES_ERROR;
				CLANG_WARN_RANGE_LOOP_ANALYSIS = YES;
				CLANG_WARN_STRICT_PROTOTYPES = YES;
				CLANG_WARN_SUSPICIOUS_MOVE = YES;
				CLANG_WARN_UNGUARDED_AVAILABILITY = YES_AGGRESSIVE;
				CLANG_WARN_UNREACHABLE_CODE = YES;
				CLANG_WARN__DUPLICATE_METHOD_MATCH = YES;
				COPY_PHASE_STRIP = NO;
				DEBUG_INFORMATION_FORMAT = "dwarf-with-dsym";
				ENABLE_NS_ASSERTIONS = NO;
				ENABLE_STRICT_OBJC_MSGSEND = YES;
				GCC_C_LANGUAGE_STANDARD = gnu11;
				GCC_NO_COMMON_BLOCKS = YES;
				GCC_WARN_64_TO_32_BIT_CONVERSION = YES;
				GCC_WARN_ABOUT_RETURN_TYPE = YES_ERROR;
				GCC_WARN_UNDECLARED_SELECTOR = YES;
				GCC_WARN_UNINITIALIZED_AUTOS = YES_AGGRESSIVE;
				GCC_WARN_UNUSED_FUNCTION = YES;
				GCC_WARN_UNUSED_VARIABLE = YES;
				IPHONEOS_DEPLOYMENT_TARGET = 13.0;
				MTL_ENABLE_DEBUG_INFO = NO;
				MTL_FAST_MATH = YES;
				SDKROOT = iphoneos;
				SWIFT_COMPILATION_MODE = wholemodule;
				SWIFT_OPTIMIZATION_LEVEL = "-O";
				VALIDATE_PRODUCT = YES;
			};
			name = Release;
		};
		07B154ED24FE9993000E30F2 /* Debug */ = {
			isa = XCBuildConfiguration;
			buildSettings = {
				ASSETCATALOG_COMPILER_APPICON_NAME = AppIcon;
				CODE_SIGN_STYLE = Automatic;
				DEVELOPMENT_TEAM = TLVHBZ3ZRM;
				INFOPLIST_FILE = XyloPhone/Info.plist;
				LD_RUNPATH_SEARCH_PATHS = (
					"$(inherited)",
					"@executable_path/Frameworks",
				);
				PRODUCT_BUNDLE_IDENTIFIER = com.abdullah.XyloPhone;
				PRODUCT_NAME = "$(TARGET_NAME)";
				SWIFT_VERSION = 5.0;
				TARGETED_DEVICE_FAMILY = "1,2";
			};
			name = Debug;
		};
		07B154EE24FE9993000E30F2 /* Release */ = {
			isa = XCBuildConfiguration;
			buildSettings = {
				ASSETCATALOG_COMPILER_APPICON_NAME = AppIcon;
				CODE_SIGN_STYLE = Automatic;
				DEVELOPMENT_TEAM = TLVHBZ3ZRM;
				INFOPLIST_FILE = XyloPhone/Info.plist;
				LD_RUNPATH_SEARCH_PATHS = (
					"$(inherited)",
					"@executable_path/Frameworks",
				);
				PRODUCT_BUNDLE_IDENTIFIER = com.abdullah.XyloPhone;
				PRODUCT_NAME = "$(TARGET_NAME)";
				SWIFT_VERSION = 5.0;
				TARGETED_DEVICE_FAMILY = "1,2";
			};
			name = Release;
		};
/* End XCBuildConfiguration section */

/* Begin XCConfigurationList section */
		07B154D324FE9993000E30F2 /* Build configuration list for PBXProject "XyloPhone" */ = {
			isa = XCConfigurationList;
			buildConfigurations = (
				07B154EA24FE9993000E30F2 /* Debug */,
				07B154EB24FE9993000E30F2 /* Release */,
			);
			defaultConfigurationIsVisible = 0;
			defaultConfigurationName = Release;
		};
		07B154EC24FE9993000E30F2 /* Build configuration list for PBXNativeTarget "XyloPhone" */ = {
			isa = XCConfigurationList;
			buildConfigurations = (
				07B154ED24FE9993000E30F2 /* Debug */,
				07B154EE24FE9993000E30F2 /* Release */,
			);
			defaultConfigurationIsVisible = 0;
			defaultConfigurationName = Release;
		};
/* End XCConfigurationList section */
	};
	rootObject = 07B154D024FE9993000E30F2 /* Project object */;
}
